
Microsoft Visual Studio Solution File, Format Version 12.00
# Visual Studio Version 17
VisualStudioVersion = 17.0.31825.309
MinimumVisualStudioVersion = 10.0.40219.1
Project("{FAE04EC0-301F-11D3-BF4B-00C04F79EFBC}") = "hw", "hw\hw.csproj", "{772D86F3-C0EA-4877-A9F2-A63C9A9FF10B}"
EndProject
Global
	GlobalSection(SolutionConfigurationPlatforms) = preSolution
		Debug|Any CPU = Debug|Any CPU
		Release|Any CPU = Release|Any CPU
	EndGlobalSection
	GlobalSection(ProjectConfigurationPlatforms) = postSolution
		{772D86F3-C0EA-4877-A9F2-A63C9A9FF10B}.Debug|Any CPU.ActiveCfg = Debug|Any CPU
		{772D86F3-C0EA-4877-A9F2-A63C9A9FF10B}.Debug|Any CPU.Build.0 = Debug|Any CPU
		{772D86F3-C0EA-4877-A9F2-A63C9A9FF10B}.Release|Any CPU.ActiveCfg = Release|Any CPU
		{772D86F3-C0EA-4877-A9F2-A63C9A9FF10B}.Release|Any CPU.Build.0 = Release|Any CPU
	EndGlobalSection
	GlobalSection(SolutionProperties) = preSolution
		HideSolutionNode = FALSE
	EndGlobalSection
	GlobalSection(ExtensibilityGlobals) = postSolution
		SolutionGuid = {6C181163-B6C0-4027-B6DA-EDE4DA339691}
	EndGlobalSection
EndGlobal
