
Microsoft Visual Studio Solution File, Format Version 12.00
# Visual Studio Version 17
VisualStudioVersion = 17.1.32319.34
MinimumVisualStudioVersion = 10.0.40219.1
Project("{FAE04EC0-301F-11D3-BF4B-00C04F79EFBC}") = "TodoWebAPI", "TodoWebAPI\TodoWebAPI.csproj", "{3216A334-A266-4363-8F34-5F7BCEC03436}"
EndProject
Global
	GlobalSection(SolutionConfigurationPlatforms) = preSolution
		Debug|Any CPU = Debug|Any CPU
		Release|Any CPU = Release|Any CPU
	EndGlobalSection
	GlobalSection(ProjectConfigurationPlatforms) = postSolution
		{3216A334-A266-4363-8F34-5F7BCEC03436}.Debug|Any CPU.ActiveCfg = Debug|Any CPU
		{3216A334-A266-4363-8F34-5F7BCEC03436}.Debug|Any CPU.Build.0 = Debug|Any CPU
		{3216A334-A266-4363-8F34-5F7BCEC03436}.Release|Any CPU.ActiveCfg = Release|Any CPU
		{3216A334-A266-4363-8F34-5F7BCEC03436}.Release|Any CPU.Build.0 = Release|Any CPU
	EndGlobalSection
	GlobalSection(SolutionProperties) = preSolution
		HideSolutionNode = FALSE
	EndGlobalSection
	GlobalSection(ExtensibilityGlobals) = postSolution
		SolutionGuid = {B9EAFA5A-3820-4DD6-A9FA-2BB65D711F7B}
	EndGlobalSection
EndGlobal
